{
  "version": 4,
  "terraform_version": "0.12.24",
  "serial": 10,
  "lineage": "d682597d-5a61-505a-db7e-b6cac13f4ad3",
  "outputs": {
    "compartments": {
      "value": "ocid1.tenancy.oc1..aaaaaaaaha4oap7i7d6ayyxtltnuavcij6ppoze3tier6n2qeh7xzl6lpcjq",
      "type": "string"
    },
    "oci_groups": {
      "value": "rain-architects",
      "type": "string"
    },
    "oci_user": {
      "value": "rain-pro-arc",
      "type": "string"
    },
    "policy": {
      "value": "ocid1.policy.oc1..aaaaaaaandvfoprreywghuztx2roi2f6ch6y7ac7yt62lofzmaznv62h76gq",
      "type": "string"
    },
    "policy_statements": {
      "value": [
        "Allow group rain-architects to read instances in compartment compartment-rain",
        "Allow group rain-architects to inspect instances in compartment compartment-rain"
      ],
      "type": [
        "list",
        "string"
      ]
    },
    "show-ads": {
      "value": [
        {
          "compartment_id": "ocid1.tenancy.oc1..aaaaaaaaha4oap7i7d6ayyxtltnuavcij6ppoze3tier6n2qeh7xzl6lpcjq",
          "id": "ocid1.availabilitydomain.oc1..aaaaaaaawshktv3wktr5rplplpshn5vsugutbhicqc2mwwg27nwhpflsvzza",
          "name": "JJfG:CA-TORONTO-1-AD-1"
        }
      ],
      "type": [
        "list",
        [
          "object",
          {
            "compartment_id": "string",
            "id": "string",
            "name": "string"
          }
        ]
      ]
    },
    "user_password": {
      "value": "jd({RTh:0GjV2K6Qq#qR",
      "type": "string"
    }
  },
  "resources": [
    {
      "mode": "data",
      "type": "oci_identity_availability_domains",
      "name": "ads",
      "provider": "provider.oci",
      "instances": [
        {
          "schema_version": 0,
          "attributes": {
            "availability_domains": [
              {
                "compartment_id": "ocid1.tenancy.oc1..aaaaaaaaha4oap7i7d6ayyxtltnuavcij6ppoze3tier6n2qeh7xzl6lpcjq",
                "id": "ocid1.availabilitydomain.oc1..aaaaaaaawshktv3wktr5rplplpshn5vsugutbhicqc2mwwg27nwhpflsvzza",
                "name": "JJfG:CA-TORONTO-1-AD-1"
              }
            ],
            "compartment_id": "ocid1.tenancy.oc1..aaaaaaaaha4oap7i7d6ayyxtltnuavcij6ppoze3tier6n2qeh7xzl6lpcjq",
            "filter": null,
            "id": "2020-08-23 00:15:19.766166 +0000 UTC"
          }
        }
      ]
    },
    {
      "mode": "data",
      "type": "oci_identity_groups",
      "name": "ai_oci_groups",
      "provider": "provider.oci",
      "instances": [
        {
          "schema_version": 0,
          "attributes": {
            "compartment_id": "ocid1.tenancy.oc1..aaaaaaaaha4oap7i7d6ayyxtltnuavcij6ppoze3tier6n2qeh7xzl6lpcjq",
            "filter": [
              {
                "name": "name",
                "regex": false,
                "values": [
                  "rain-architects"
                ]
              }
            ],
            "groups": [
              {
                "compartment_id": "ocid1.tenancy.oc1..aaaaaaaaha4oap7i7d6ayyxtltnuavcij6ppoze3tier6n2qeh7xzl6lpcjq",
                "defined_tags": {
                  "Oracle-Tags.CreatedBy": "arthur.niu@gmail.com",
                  "Oracle-Tags.CreatedOn": "2020-08-23T00:15:20.622Z"
                },
                "description": "Architects group for project Rain",
                "freeform_tags": {},
                "id": "ocid1.group.oc1..aaaaaaaazk56mnm2bng5ay7ljdqd2rtphqs7ql5wbisq6snvcz3qprqxi3xa",
                "inactive_state": "",
                "name": "rain-architects",
                "state": "ACTIVE",
                "time_created": "2020-08-23 00:15:20.643 +0000 UTC"
              }
            ],
            "id": "2020-08-23 00:15:41.123702 +0000 UTC"
          }
        }
      ]
    },
    {
      "mode": "managed",
      "type": "oci_identity_compartment",
      "name": "ai_oci_compartment",
      "provider": "provider.oci",
      "instances": [
        {
          "schema_version": 0,
          "attributes": {
            "compartment_id": "ocid1.tenancy.oc1..aaaaaaaaha4oap7i7d6ayyxtltnuavcij6ppoze3tier6n2qeh7xzl6lpcjq",
            "defined_tags": {
              "Oracle-Tags.CreatedBy": "arthur.niu@gmail.com",
              "Oracle-Tags.CreatedOn": "2020-08-23T00:15:20.675Z"
            },
            "description": "Compartment for project Rain",
            "enable_delete": null,
            "freeform_tags": {},
            "id": "ocid1.compartment.oc1..aaaaaaaafxicjjoutdxcdeht5lq277jgg5i25j5sbrkhkli64g3odh2hpjea",
            "inactive_state": null,
            "is_accessible": true,
            "name": "compartment-rain",
            "state": "ACTIVE",
            "time_created": "2020-08-23 00:15:21.395 +0000 UTC",
            "timeouts": null
          },
          "private": "eyJlMmJmYjczMC1lY2FhLTExZTYtOGY4OC0zNDM2M2JjN2M0YzAiOnsiZGVsZXRlIjo1NDAwMDAwMDAwMDAwfX0="
        }
      ]
    },
    {
      "mode": "managed",
      "type": "oci_identity_group",
      "name": "ai_oci_group",
      "provider": "provider.oci",
      "instances": [
        {
          "schema_version": 0,
          "attributes": {
            "compartment_id": "ocid1.tenancy.oc1..aaaaaaaaha4oap7i7d6ayyxtltnuavcij6ppoze3tier6n2qeh7xzl6lpcjq",
            "defined_tags": {
              "Oracle-Tags.CreatedBy": "arthur.niu@gmail.com",
              "Oracle-Tags.CreatedOn": "2020-08-23T00:15:20.622Z"
            },
            "description": "Architects group for project Rain",
            "freeform_tags": {},
            "id": "ocid1.group.oc1..aaaaaaaazk56mnm2bng5ay7ljdqd2rtphqs7ql5wbisq6snvcz3qprqxi3xa",
            "inactive_state": null,
            "name": "rain-architects",
            "state": "ACTIVE",
            "time_created": "2020-08-23 00:15:20.643 +0000 UTC",
            "timeouts": null
          },
          "private": "eyJlMmJmYjczMC1lY2FhLTExZTYtOGY4OC0zNDM2M2JjN2M0YzAiOnsiY3JlYXRlIjo5MDAwMDAwMDAwMDAsImRlbGV0ZSI6OTAwMDAwMDAwMDAwLCJ1cGRhdGUiOjkwMDAwMDAwMDAwMH19"
        }
      ]
    },
    {
      "mode": "managed",
      "type": "oci_identity_policy",
      "name": "ai_oci_policy",
      "provider": "provider.oci",
      "instances": [
        {
          "schema_version": 0,
          "attributes": {
            "ETag": "b5d542e898a8f19c7f45442d10f34f849a991600",
            "compartment_id": "ocid1.tenancy.oc1..aaaaaaaaha4oap7i7d6ayyxtltnuavcij6ppoze3tier6n2qeh7xzl6lpcjq",
            "defined_tags": {
              "Oracle-Tags.CreatedBy": "arthur.niu@gmail.com",
              "Oracle-Tags.CreatedOn": "2020-08-23T00:15:41.093Z"
            },
            "description": "Ploicy for project Rain",
            "freeform_tags": {},
            "id": "ocid1.policy.oc1..aaaaaaaandvfoprreywghuztx2roi2f6ch6y7ac7yt62lofzmaznv62h76gq",
            "inactive_state": null,
            "lastUpdateETag": "b5d542e898a8f19c7f45442d10f34f849a991600",
            "name": "rain-policiy",
            "policyHash": "a0ddcf39218a50cfcc4ed84b6fae570e",
            "state": "ACTIVE",
            "statements": [
              "Allow group rain-architects to read instances in compartment compartment-rain",
              "Allow group rain-architects to inspect instances in compartment compartment-rain"
            ],
            "time_created": "2020-08-23 00:15:41.191 +0000 UTC",
            "timeouts": null,
            "version_date": null
          },
          "private": "eyJlMmJmYjczMC1lY2FhLTExZTYtOGY4OC0zNDM2M2JjN2M0YzAiOnsiY3JlYXRlIjo5MDAwMDAwMDAwMDAsImRlbGV0ZSI6OTAwMDAwMDAwMDAwLCJ1cGRhdGUiOjkwMDAwMDAwMDAwMH19",
          "dependencies": [
            "oci_identity_compartment.ai_oci_compartment",
            "oci_identity_group.ai_oci_group"
          ]
        }
      ]
    },
    {
      "mode": "managed",
      "type": "oci_identity_ui_password",
      "name": "ai_oci_password",
      "provider": "provider.oci",
      "instances": [
        {
          "schema_version": 0,
          "attributes": {
            "id": "ocid1.user.oc1..aaaaaaaa3m3dopcevk7dkgse65wk5e5krsdhtbcocswbbzdng35h2ll3he3q",
            "inactive_status": null,
            "password": "jd({RTh:0GjV2K6Qq#qR",
            "state": "ACTIVE",
            "time_created": "2020-08-23 00:15:41.739 +0000 UTC",
            "timeouts": null,
            "user_id": "ocid1.user.oc1..aaaaaaaa3m3dopcevk7dkgse65wk5e5krsdhtbcocswbbzdng35h2ll3he3q"
          },
          "private": "eyJlMmJmYjczMC1lY2FhLTExZTYtOGY4OC0zNDM2M2JjN2M0YzAiOnsiY3JlYXRlIjo5MDAwMDAwMDAwMDAsImRlbGV0ZSI6OTAwMDAwMDAwMDAwLCJ1cGRhdGUiOjkwMDAwMDAwMDAwMH19",
          "dependencies": [
            "oci_identity_compartment.ai_oci_compartment",
            "oci_identity_user.ai_oci_user"
          ]
        }
      ]
    },
    {
      "mode": "managed",
      "type": "oci_identity_user",
      "name": "ai_oci_user",
      "provider": "provider.oci",
      "instances": [
        {
          "schema_version": 0,
          "attributes": {
            "capabilities": [
              {
                "can_use_api_keys": true,
                "can_use_auth_tokens": true,
                "can_use_console_password": true,
                "can_use_customer_secret_keys": true,
                "can_use_oauth2client_credentials": true,
                "can_use_smtp_credentials": true
              }
            ],
            "compartment_id": "ocid1.tenancy.oc1..aaaaaaaaha4oap7i7d6ayyxtltnuavcij6ppoze3tier6n2qeh7xzl6lpcjq",
            "defined_tags": {
              "Oracle-Tags.CreatedBy": "arthur.niu@gmail.com",
              "Oracle-Tags.CreatedOn": "2020-08-23T00:15:41.143Z"
            },
            "description": "Project architect for Rain",
            "email": null,
            "external_identifier": null,
            "freeform_tags": {},
            "id": "ocid1.user.oc1..aaaaaaaa3m3dopcevk7dkgse65wk5e5krsdhtbcocswbbzdng35h2ll3he3q",
            "identity_provider_id": null,
            "inactive_state": null,
            "name": "rain-pro-arc",
            "state": "ACTIVE",
            "time_created": "2020-08-23 00:15:41.348 +0000 UTC",
            "timeouts": null
          },
          "private": "eyJlMmJmYjczMC1lY2FhLTExZTYtOGY4OC0zNDM2M2JjN2M0YzAiOnsiY3JlYXRlIjo5MDAwMDAwMDAwMDAsImRlbGV0ZSI6OTAwMDAwMDAwMDAwLCJ1cGRhdGUiOjkwMDAwMDAwMDAwMH19",
          "dependencies": [
            "oci_identity_compartment.ai_oci_compartment"
          ]
        }
      ]
    },
    {
      "mode": "managed",
      "type": "oci_identity_user_group_membership",
      "name": "ai_user_group_binding",
      "provider": "provider.oci",
      "instances": [
        {
          "schema_version": 0,
          "attributes": {
            "compartment_id": "ocid1.tenancy.oc1..aaaaaaaaha4oap7i7d6ayyxtltnuavcij6ppoze3tier6n2qeh7xzl6lpcjq",
            "group_id": "ocid1.group.oc1..aaaaaaaazk56mnm2bng5ay7ljdqd2rtphqs7ql5wbisq6snvcz3qprqxi3xa",
            "id": "ocid1.groupmembership.oc1..aaaaaaaaylhzokjxun2zhv5edwumxudrnymhk5hmtbjf4qhfmfcouk7fic5q",
            "inactive_state": null,
            "state": "ACTIVE",
            "time_created": "2020-08-23 00:15:41.852 +0000 UTC",
            "timeouts": null,
            "user_id": "ocid1.user.oc1..aaaaaaaa3m3dopcevk7dkgse65wk5e5krsdhtbcocswbbzdng35h2ll3he3q"
          },
          "private": "eyJlMmJmYjczMC1lY2FhLTExZTYtOGY4OC0zNDM2M2JjN2M0YzAiOnsiY3JlYXRlIjo5MDAwMDAwMDAwMDAsImRlbGV0ZSI6OTAwMDAwMDAwMDAwLCJ1cGRhdGUiOjkwMDAwMDAwMDAwMH19",
          "dependencies": [
            "oci_identity_compartment.ai_oci_compartment",
            "oci_identity_group.ai_oci_group",
            "oci_identity_user.ai_oci_user"
          ]
        }
      ]
    }
  ]
}
